# THIS IS AN AUTOGENERATED FILE. DO NOT EDIT THIS FILE DIRECTLY.
# yarn lockfile v1


bson-timestamp@^0.1.1:
  version "0.1.2"
  resolved "https://registry.yarnpkg.com/bson-timestamp/-/bson-timestamp-0.1.2.tgz#0ee7863ecde38466aad35edc3ad730ec262d0efe"

bson@~0.4.20:
  version "0.4.23"
  resolved "https://registry.yarnpkg.com/bson/-/bson-0.4.23.tgz#e65a2e3c7507ffade4109bc7575a76e50f8da915"

cli-table@^0.3.1:
  version "0.3.1"
  resolved "https://registry.yarnpkg.com/cli-table/-/cli-table-0.3.1.tgz#f53b05266a8b1a0b934b3d0821e6e2dc5914ae23"
  dependencies:
    colors "1.0.3"

colors@1.0.3:
  version "1.0.3"
  resolved "https://registry.yarnpkg.com/colors/-/colors-1.0.3.tgz#0433f44d809680fdeb60ed260f1b0c262e82a40b"

core-util-is@~1.0.0:
  version "1.0.2"
  resolved "https://registry.yarnpkg.com/core-util-is/-/core-util-is-1.0.2.tgz#b5fd54220aa2bc5ab57aab7140c940754503c1a7"

debug@2.2.x:
  version "2.2.0"
  resolved "https://registry.yarnpkg.com/debug/-/debug-2.2.0.tgz#f87057e995b1a1f6ae6a4960664137bc56f039da"
  dependencies:
    ms "0.7.1"

es6-promise@2.1.1:
  version "2.1.1"
  resolved "https://registry.yarnpkg.com/es6-promise/-/es6-promise-2.1.1.tgz#03e8f3c7297928e5478d6ab1d0643251507bdedd"

eventemitter3@^1.1.1:
  version "1.2.0"
  resolved "https://registry.yarnpkg.com/eventemitter3/-/eventemitter3-1.2.0.tgz#1c86991d816ad1e504750e73874224ecf3bec508"

inherits@~2.0.1:
  version "2.0.3"
  resolved "https://registry.yarnpkg.com/inherits/-/inherits-2.0.3.tgz#633c2c83e3da42a502f52466022480f4208261de"

isarray@0.0.1:
  version "0.0.1"
  resolved "https://registry.yarnpkg.com/isarray/-/isarray-0.0.1.tgz#8a18acfca9a8f4177e09abfc6038939b05d1eedf"

lodash@^4.17.4:
  version "4.17.4"
  resolved "https://registry.yarnpkg.com/lodash/-/lodash-4.17.4.tgz#78203a4d1c328ae1d86dca6460e369b57f4055ae"

mongo-oplog-cursor@^0.2.0:
  version "0.2.0"
  resolved "https://registry.yarnpkg.com/mongo-oplog-cursor/-/mongo-oplog-cursor-0.2.0.tgz#4316d55fbbfb2c6bedef21ff602a8ec4facafe37"
  dependencies:
    bson-timestamp "^0.1.1"
    debug "2.2.x"
    eventemitter3 "^1.1.1"

mongo-oplog@1.0.1:
  version "1.0.1"
  resolved "https://registry.yarnpkg.com/mongo-oplog/-/mongo-oplog-1.0.1.tgz#13b4c1b0e52cb0f99d9d848163de5c089e79c6b7"
  dependencies:
    debug "2.2.x"
    eventemitter3 "^1.1.1"
    mongo-oplog-cursor "^0.2.0"
    mongodb "~2.0.x"
    thunky "^0.1.0"

mongodb-core@1.2.31:
  version "1.2.31"
  resolved "https://registry.yarnpkg.com/mongodb-core/-/mongodb-core-1.2.31.tgz#f1e6405f03d40846fdb838a702507affa3cb2c39"
  dependencies:
    bson "~0.4.20"

mongodb@~2.0.x:
  version "2.0.55"
  resolved "https://registry.yarnpkg.com/mongodb/-/mongodb-2.0.55.tgz#a09dd77259f6bba69f7dd592a011c11aa5761097"
  dependencies:
    es6-promise "2.1.1"
    mongodb-core "1.2.31"
    readable-stream "1.0.31"

ms@0.7.1:
  version "0.7.1"
  resolved "https://registry.yarnpkg.com/ms/-/ms-0.7.1.tgz#9cd13c03adbff25b65effde7ce864ee952017098"

readable-stream@1.0.31:
  version "1.0.31"
  resolved "https://registry.yarnpkg.com/readable-stream/-/readable-stream-1.0.31.tgz#8f2502e0bc9e3b0da1b94520aabb4e2603ecafae"
  dependencies:
    core-util-is "~1.0.0"
    inherits "~2.0.1"
    isarray "0.0.1"
    string_decoder "~0.10.x"

string_decoder@~0.10.x:
  version "0.10.31"
  resolved "https://registry.yarnpkg.com/string_decoder/-/string_decoder-0.10.31.tgz#62e203bc41766c6c28c9fc84301dab1c5310fa94"

thunky@^0.1.0:
  version "0.1.0"
  resolved "https://registry.yarnpkg.com/thunky/-/thunky-0.1.0.tgz#bf30146824e2b6e67b0f2d7a4ac8beb26908684e"
